
Microsoft Visual Studio Solution File, Format Version 12.00
# Visual Studio Version 17
VisualStudioVersion = 17.6.33723.286
MinimumVisualStudioVersion = 10.0.40219.1
Project("{FAE04EC0-301F-11D3-BF4B-00C04F79EFBC}") = "DataStructuresAndAlgorithmsTestProject", "DataStructuresAndAlgorithmsTestProject.csproj", "{179805DD-BC77-4CC5-A92B-6833A32190B5}"
EndProject
Global
	GlobalSection(SolutionConfigurationPlatforms) = preSolution
		Debug|Any CPU = Debug|Any CPU
		Release|Any CPU = Release|Any CPU
	EndGlobalSection
	GlobalSection(ProjectConfigurationPlatforms) = postSolution
		{179805DD-BC77-4CC5-A92B-6833A32190B5}.Debug|Any CPU.ActiveCfg = Debug|Any CPU
		{179805DD-BC77-4CC5-A92B-6833A32190B5}.Debug|Any CPU.Build.0 = Debug|Any CPU
		{179805DD-BC77-4CC5-A92B-6833A32190B5}.Release|Any CPU.ActiveCfg = Release|Any CPU
		{179805DD-BC77-4CC5-A92B-6833A32190B5}.Release|Any CPU.Build.0 = Release|Any CPU
	EndGlobalSection
	GlobalSection(SolutionProperties) = preSolution
		HideSolutionNode = FALSE
	EndGlobalSection
	GlobalSection(ExtensibilityGlobals) = postSolution
		SolutionGuid = {F3C4F293-D258-4C4E-871A-ADEA295450FA}
	EndGlobalSection
EndGlobal
